// !$*UTF8*$!
{
	archiveVersion = 1;
	classes = {
	};
	objectVersion = 50;
	objects = {

/* Begin PBXBuildFile section */
		282EA38D708FE6E256EB7610 /* Pods_SpaceOdyssey.framework in Frameworks */ = {isa = PBXBuildFile; fileRef = 5A8FB32370DBA4CE80B602A4 /* Pods_SpaceOdyssey.framework */; };
		5B6FDDD021505FD000460572 /* AppDelegate.swift in Sources */ = {isa = PBXBuildFile; fileRef = 5B6FDDCF21505FD000460572 /* AppDelegate.swift */; };
		5B6FDDD221505FD000460572 /* ViewController.swift in Sources */ = {isa = PBXBuildFile; fileRef = 5B6FDDD121505FD000460572 /* ViewController.swift */; };
		5B6FDDD521505FD000460572 /* Main.storyboard in Resources */ = {isa = PBXBuildFile; fileRef = 5B6FDDD321505FD000460572 /* Main.storyboard */; };
		5B6FDDD721505FD100460572 /* Assets.xcassets in Resources */ = {isa = PBXBuildFile; fileRef = 5B6FDDD621505FD100460572 /* Assets.xcassets */; };
		5B6FDDDA21505FD100460572 /* LaunchScreen.storyboard in Resources */ = {isa = PBXBuildFile; fileRef = 5B6FDDD821505FD100460572 /* LaunchScreen.storyboard */; };
		5B6FDDE521505FD100460572 /* SpaceOdysseyTests.swift in Sources */ = {isa = PBXBuildFile; fileRef = 5B6FDDE421505FD100460572 /* SpaceOdysseyTests.swift */; };
		5B6FDDF021505FD100460572 /* SpaceOdysseyUITests.swift in Sources */ = {isa = PBXBuildFile; fileRef = 5B6FDDEF21505FD100460572 /* SpaceOdysseyUITests.swift */; };
		5B8C246A21551E3B00ABEBA0 /* Strings+Extensions.swift in Sources */ = {isa = PBXBuildFile; fileRef = 5B8C246921551E3B00ABEBA0 /* Strings+Extensions.swift */; };
		5B8C246C21551E5700ABEBA0 /* UIImageView+Extensions.swift in Sources */ = {isa = PBXBuildFile; fileRef = 5B8C246B21551E5700ABEBA0 /* UIImageView+Extensions.swift */; };
		5B8C246F215520C700ABEBA0 /* Alert.swift in Sources */ = {isa = PBXBuildFile; fileRef = 5B8C246E215520C700ABEBA0 /* Alert.swift */; };
		5BFF870D2152BC1B008163BB /* HomePresenter.swift in Sources */ = {isa = PBXBuildFile; fileRef = 5BFF87072152BC1B008163BB /* HomePresenter.swift */; };
		5BFF870E2152BC1B008163BB /* HomeWorker.swift in Sources */ = {isa = PBXBuildFile; fileRef = 5BFF87082152BC1B008163BB /* HomeWorker.swift */; };
		5BFF870F2152BC1B008163BB /* HomeRouter.swift in Sources */ = {isa = PBXBuildFile; fileRef = 5BFF87092152BC1B008163BB /* HomeRouter.swift */; };
		5BFF87102152BC1B008163BB /* HomeModels.swift in Sources */ = {isa = PBXBuildFile; fileRef = 5BFF870A2152BC1B008163BB /* HomeModels.swift */; };
		5BFF87112152BC1B008163BB /* HomeViewController.swift in Sources */ = {isa = PBXBuildFile; fileRef = 5BFF870B2152BC1B008163BB /* HomeViewController.swift */; };
		5BFF87122152BC1B008163BB /* HomeInteractor.swift in Sources */ = {isa = PBXBuildFile; fileRef = 5BFF870C2152BC1B008163BB /* HomeInteractor.swift */; };
		5BFF87192152BC43008163BB /* HomeViewControllerTests.swift in Sources */ = {isa = PBXBuildFile; fileRef = 5BFF87152152BC43008163BB /* HomeViewControllerTests.swift */; };
		5BFF871A2152BC43008163BB /* HomeInteractorTests.swift in Sources */ = {isa = PBXBuildFile; fileRef = 5BFF87162152BC43008163BB /* HomeInteractorTests.swift */; };
		5BFF871B2152BC43008163BB /* HomeWorkerTests.swift in Sources */ = {isa = PBXBuildFile; fileRef = 5BFF87172152BC43008163BB /* HomeWorkerTests.swift */; };
		5BFF871C2152BC43008163BB /* HomePresenterTests.swift in Sources */ = {isa = PBXBuildFile; fileRef = 5BFF87182152BC43008163BB /* HomePresenterTests.swift */; };
		5BFF871E2152BC68008163BB /* HomeViewController.xib in Resources */ = {isa = PBXBuildFile; fileRef = 5BFF871D2152BC68008163BB /* HomeViewController.xib */; };
		5BFF87252152BF36008163BB /* APIManager.swift in Sources */ = {isa = PBXBuildFile; fileRef = 5BFF87242152BF36008163BB /* APIManager.swift */; };
		5BFF87272152BF9C008163BB /* SpaceXApi.swift in Sources */ = {isa = PBXBuildFile; fileRef = 5BFF87262152BF9C008163BB /* SpaceXApi.swift */; };
		5BFF87292152BFE5008163BB /* SpaceXApiMock.swift in Sources */ = {isa = PBXBuildFile; fileRef = 5BFF87282152BFE5008163BB /* SpaceXApiMock.swift */; };
		5BFF872C2152C25B008163BB /* Launches.json in Resources */ = {isa = PBXBuildFile; fileRef = 5BFF872B2152C25B008163BB /* Launches.json */; };
		5BFF87302152C8AC008163BB /* LauncheErrors.swift in Sources */ = {isa = PBXBuildFile; fileRef = 5BFF872F2152C8AC008163BB /* LauncheErrors.swift */; };
		5BFF87332152CA75008163BB /* LaunchesDataManager.swift in Sources */ = {isa = PBXBuildFile; fileRef = 5BFF87322152CA75008163BB /* LaunchesDataManager.swift */; };
		5BFF87352152CCCB008163BB /* Launch.swift in Sources */ = {isa = PBXBuildFile; fileRef = 5BFF87342152CCCB008163BB /* Launch.swift */; };
		5BFF87372152CD89008163BB /* LaunchSite.swift in Sources */ = {isa = PBXBuildFile; fileRef = 5BFF87362152CD89008163BB /* LaunchSite.swift */; };
		5BFF87392152CDA5008163BB /* Links.swift in Sources */ = {isa = PBXBuildFile; fileRef = 5BFF87382152CDA5008163BB /* Links.swift */; };
		5BFF873B2152CDB7008163BB /* Reuse.swift in Sources */ = {isa = PBXBuildFile; fileRef = 5BFF873A2152CDB7008163BB /* Reuse.swift */; };
		5BFF873D2152CDC2008163BB /* Rocket.swift in Sources */ = {isa = PBXBuildFile; fileRef = 5BFF873C2152CDC2008163BB /* Rocket.swift */; };
		5BFF873F2152CDDB008163BB /* Fairings.swift in Sources */ = {isa = PBXBuildFile; fileRef = 5BFF873E2152CDDB008163BB /* Fairings.swift */; };
		5BFF87412152CDF5008163BB /* FirstStage.swift in Sources */ = {isa = PBXBuildFile; fileRef = 5BFF87402152CDF5008163BB /* FirstStage.swift */; };
		5BFF87432152CE09008163BB /* Core.swift in Sources */ = {isa = PBXBuildFile; fileRef = 5BFF87422152CE09008163BB /* Core.swift */; };
		5BFF87452152CE1F008163BB /* SecondStage.swift in Sources */ = {isa = PBXBuildFile; fileRef = 5BFF87442152CE1F008163BB /* SecondStage.swift */; };
		5BFF87472152CE31008163BB /* Payload.swift in Sources */ = {isa = PBXBuildFile; fileRef = 5BFF87462152CE31008163BB /* Payload.swift */; };
		5BFF87492152CE42008163BB /* OrbitParams.swift in Sources */ = {isa = PBXBuildFile; fileRef = 5BFF87482152CE42008163BB /* OrbitParams.swift */; };
		5BFF874B2152CE67008163BB /* Telemetry.swift in Sources */ = {isa = PBXBuildFile; fileRef = 5BFF874A2152CE67008163BB /* Telemetry.swift */; };
		5BFF874E2152CFAD008163BB /* CommonDataEnums.swift in Sources */ = {isa = PBXBuildFile; fileRef = 5BFF874D2152CFAD008163BB /* CommonDataEnums.swift */; };
		5BFF87512152D041008163BB /* CommonHelpers.swift in Sources */ = {isa = PBXBuildFile; fileRef = 5BFF87502152D041008163BB /* CommonHelpers.swift */; };
		5BFF87542152D375008163BB /* Style.swift in Sources */ = {isa = PBXBuildFile; fileRef = 5BFF87532152D375008163BB /* Style.swift */; };
		5BFF87582153128C008163BB /* HomeCollectionViewCell.swift in Sources */ = {isa = PBXBuildFile; fileRef = 5BFF87562153128C008163BB /* HomeCollectionViewCell.swift */; };
		5BFF87592153128C008163BB /* HomeCollectionViewCell.xib in Resources */ = {isa = PBXBuildFile; fileRef = 5BFF87572153128C008163BB /* HomeCollectionViewCell.xib */; };
		C8D793416D63662179A00771 /* Pods_SpaceOdysseyUITests.framework in Frameworks */ = {isa = PBXBuildFile; fileRef = 66B267D35F1BD909340D3BFF /* Pods_SpaceOdysseyUITests.framework */; };
		E6C5424349B385F6A2973949 /* Pods_SpaceOdysseyTests.framework in Frameworks */ = {isa = PBXBuildFile; fileRef = 041BBB173F48FEC0B31BD057 /* Pods_SpaceOdysseyTests.framework */; };
/* End PBXBuildFile section */

/* Begin PBXContainerItemProxy section */
		5B6FDDE121505FD100460572 /* PBXContainerItemProxy */ = {
			isa = PBXContainerItemProxy;
			containerPortal = 5B6FDDC421505FD000460572 /* Project object */;
			proxyType = 1;
			remoteGlobalIDString = 5B6FDDCB21505FD000460572;
			remoteInfo = SpaceOdyssey;
		};
		5B6FDDEC21505FD100460572 /* PBXContainerItemProxy */ = {
			isa = PBXContainerItemProxy;
			containerPortal = 5B6FDDC421505FD000460572 /* Project object */;
			proxyType = 1;
			remoteGlobalIDString = 5B6FDDCB21505FD000460572;
			remoteInfo = SpaceOdyssey;
		};
/* End PBXContainerItemProxy section */

/* Begin PBXFileReference section */
		041BBB173F48FEC0B31BD057 /* Pods_SpaceOdysseyTests.framework */ = {isa = PBXFileReference; explicitFileType = wrapper.framework; includeInIndex = 0; path = Pods_SpaceOdysseyTests.framework; sourceTree = BUILT_PRODUCTS_DIR; };
		14A304F093E1DB6E1097382A /* Pods-SpaceOdysseyTests.release.xcconfig */ = {isa = PBXFileReference; includeInIndex = 1; lastKnownFileType = text.xcconfig; name = "Pods-SpaceOdysseyTests.release.xcconfig"; path = "Pods/Target Support Files/Pods-SpaceOdysseyTests/Pods-SpaceOdysseyTests.release.xcconfig"; sourceTree = "<group>"; };
		37F4A193E2BA237AB17D5764 /* Pods-SpaceOdysseyUITests.debug.xcconfig */ = {isa = PBXFileReference; includeInIndex = 1; lastKnownFileType = text.xcconfig; name = "Pods-SpaceOdysseyUITests.debug.xcconfig"; path = "Pods/Target Support Files/Pods-SpaceOdysseyUITests/Pods-SpaceOdysseyUITests.debug.xcconfig"; sourceTree = "<group>"; };
		3FB642BCF79B369173900348 /* Pods-SpaceOdyssey.debug.xcconfig */ = {isa = PBXFileReference; includeInIndex = 1; lastKnownFileType = text.xcconfig; name = "Pods-SpaceOdyssey.debug.xcconfig"; path = "Pods/Target Support Files/Pods-SpaceOdyssey/Pods-SpaceOdyssey.debug.xcconfig"; sourceTree = "<group>"; };
		5A8FB32370DBA4CE80B602A4 /* Pods_SpaceOdyssey.framework */ = {isa = PBXFileReference; explicitFileType = wrapper.framework; includeInIndex = 0; path = Pods_SpaceOdyssey.framework; sourceTree = BUILT_PRODUCTS_DIR; };
		5B6FDDCC21505FD000460572 /* SpaceOdyssey.app */ = {isa = PBXFileReference; explicitFileType = wrapper.application; includeInIndex = 0; path = SpaceOdyssey.app; sourceTree = BUILT_PRODUCTS_DIR; };
		5B6FDDCF21505FD000460572 /* AppDelegate.swift */ = {isa = PBXFileReference; lastKnownFileType = sourcecode.swift; path = AppDelegate.swift; sourceTree = "<group>"; };
		5B6FDDD121505FD000460572 /* ViewController.swift */ = {isa = PBXFileReference; lastKnownFileType = sourcecode.swift; path = ViewController.swift; sourceTree = "<group>"; };
		5B6FDDD421505FD000460572 /* Base */ = {isa = PBXFileReference; lastKnownFileType = file.storyboard; name = Base; path = Base.lproj/Main.storyboard; sourceTree = "<group>"; };
		5B6FDDD621505FD100460572 /* Assets.xcassets */ = {isa = PBXFileReference; lastKnownFileType = folder.assetcatalog; path = Assets.xcassets; sourceTree = "<group>"; };
		5B6FDDD921505FD100460572 /* Base */ = {isa = PBXFileReference; lastKnownFileType = file.storyboard; name = Base; path = Base.lproj/LaunchScreen.storyboard; sourceTree = "<group>"; };
		5B6FDDDB21505FD100460572 /* Info.plist */ = {isa = PBXFileReference; lastKnownFileType = text.plist.xml; path = Info.plist; sourceTree = "<group>"; };
		5B6FDDE021505FD100460572 /* SpaceOdysseyTests.xctest */ = {isa = PBXFileReference; explicitFileType = wrapper.cfbundle; includeInIndex = 0; path = SpaceOdysseyTests.xctest; sourceTree = BUILT_PRODUCTS_DIR; };
		5B6FDDE421505FD100460572 /* SpaceOdysseyTests.swift */ = {isa = PBXFileReference; lastKnownFileType = sourcecode.swift; path = SpaceOdysseyTests.swift; sourceTree = "<group>"; };
		5B6FDDE621505FD100460572 /* Info.plist */ = {isa = PBXFileReference; lastKnownFileType = text.plist.xml; path = Info.plist; sourceTree = "<group>"; };
		5B6FDDEB21505FD100460572 /* SpaceOdysseyUITests.xctest */ = {isa = PBXFileReference; explicitFileType = wrapper.cfbundle; includeInIndex = 0; path = SpaceOdysseyUITests.xctest; sourceTree = BUILT_PRODUCTS_DIR; };
		5B6FDDEF21505FD100460572 /* SpaceOdysseyUITests.swift */ = {isa = PBXFileReference; lastKnownFileType = sourcecode.swift; path = SpaceOdysseyUITests.swift; sourceTree = "<group>"; };
		5B6FDDF121505FD100460572 /* Info.plist */ = {isa = PBXFileReference; lastKnownFileType = text.plist.xml; path = Info.plist; sourceTree = "<group>"; };
		5B8C246921551E3B00ABEBA0 /* Strings+Extensions.swift */ = {isa = PBXFileReference; lastKnownFileType = sourcecode.swift; path = "Strings+Extensions.swift"; sourceTree = "<group>"; };
		5B8C246B21551E5700ABEBA0 /* UIImageView+Extensions.swift */ = {isa = PBXFileReference; lastKnownFileType = sourcecode.swift; path = "UIImageView+Extensions.swift"; sourceTree = "<group>"; };
		5B8C246E215520C700ABEBA0 /* Alert.swift */ = {isa = PBXFileReference; lastKnownFileType = sourcecode.swift; path = Alert.swift; sourceTree = "<group>"; };
		5BFF87072152BC1B008163BB /* HomePresenter.swift */ = {isa = PBXFileReference; lastKnownFileType = sourcecode.swift; path = HomePresenter.swift; sourceTree = "<group>"; };
		5BFF87082152BC1B008163BB /* HomeWorker.swift */ = {isa = PBXFileReference; lastKnownFileType = sourcecode.swift; path = HomeWorker.swift; sourceTree = "<group>"; };
		5BFF87092152BC1B008163BB /* HomeRouter.swift */ = {isa = PBXFileReference; lastKnownFileType = sourcecode.swift; path = HomeRouter.swift; sourceTree = "<group>"; };
		5BFF870A2152BC1B008163BB /* HomeModels.swift */ = {isa = PBXFileReference; lastKnownFileType = sourcecode.swift; path = HomeModels.swift; sourceTree = "<group>"; };
		5BFF870B2152BC1B008163BB /* HomeViewController.swift */ = {isa = PBXFileReference; lastKnownFileType = sourcecode.swift; path = HomeViewController.swift; sourceTree = "<group>"; };
		5BFF870C2152BC1B008163BB /* HomeInteractor.swift */ = {isa = PBXFileReference; lastKnownFileType = sourcecode.swift; path = HomeInteractor.swift; sourceTree = "<group>"; };
		5BFF87152152BC43008163BB /* HomeViewControllerTests.swift */ = {isa = PBXFileReference; lastKnownFileType = sourcecode.swift; path = HomeViewControllerTests.swift; sourceTree = "<group>"; };
		5BFF87162152BC43008163BB /* HomeInteractorTests.swift */ = {isa = PBXFileReference; lastKnownFileType = sourcecode.swift; path = HomeInteractorTests.swift; sourceTree = "<group>"; };
		5BFF87172152BC43008163BB /* HomeWorkerTests.swift */ = {isa = PBXFileReference; lastKnownFileType = sourcecode.swift; path = HomeWorkerTests.swift; sourceTree = "<group>"; };
		5BFF87182152BC43008163BB /* HomePresenterTests.swift */ = {isa = PBXFileReference; lastKnownFileType = sourcecode.swift; path = HomePresenterTests.swift; sourceTree = "<group>"; };
		5BFF871D2152BC68008163BB /* HomeViewController.xib */ = {isa = PBXFileReference; lastKnownFileType = file.xib; path = HomeViewController.xib; sourceTree = "<group>"; };
		5BFF87242152BF36008163BB /* APIManager.swift */ = {isa = PBXFileReference; lastKnownFileType = sourcecode.swift; path = APIManager.swift; sourceTree = "<group>"; };
		5BFF87262152BF9C008163BB /* SpaceXApi.swift */ = {isa = PBXFileReference; lastKnownFileType = sourcecode.swift; path = SpaceXApi.swift; sourceTree = "<group>"; };
		5BFF87282152BFE5008163BB /* SpaceXApiMock.swift */ = {isa = PBXFileReference; lastKnownFileType = sourcecode.swift; path = SpaceXApiMock.swift; sourceTree = "<group>"; };
		5BFF872B2152C25B008163BB /* Launches.json */ = {isa = PBXFileReference; lastKnownFileType = text.json; path = Launches.json; sourceTree = "<group>"; };
		5BFF872F2152C8AC008163BB /* LauncheErrors.swift */ = {isa = PBXFileReference; lastKnownFileType = sourcecode.swift; path = LauncheErrors.swift; sourceTree = "<group>"; };
		5BFF87322152CA75008163BB /* LaunchesDataManager.swift */ = {isa = PBXFileReference; lastKnownFileType = sourcecode.swift; path = LaunchesDataManager.swift; sourceTree = "<group>"; };
		5BFF87342152CCCB008163BB /* Launch.swift */ = {isa = PBXFileReference; lastKnownFileType = sourcecode.swift; path = Launch.swift; sourceTree = "<group>"; };
		5BFF87362152CD89008163BB /* LaunchSite.swift */ = {isa = PBXFileReference; lastKnownFileType = sourcecode.swift; path = LaunchSite.swift; sourceTree = "<group>"; };
		5BFF87382152CDA5008163BB /* Links.swift */ = {isa = PBXFileReference; lastKnownFileType = sourcecode.swift; path = Links.swift; sourceTree = "<group>"; };
		5BFF873A2152CDB7008163BB /* Reuse.swift */ = {isa = PBXFileReference; lastKnownFileType = sourcecode.swift; path = Reuse.swift; sourceTree = "<group>"; };
		5BFF873C2152CDC2008163BB /* Rocket.swift */ = {isa = PBXFileReference; lastKnownFileType = sourcecode.swift; path = Rocket.swift; sourceTree = "<group>"; };
		5BFF873E2152CDDB008163BB /* Fairings.swift */ = {isa = PBXFileReference; lastKnownFileType = sourcecode.swift; path = Fairings.swift; sourceTree = "<group>"; };
		5BFF87402152CDF5008163BB /* FirstStage.swift */ = {isa = PBXFileReference; lastKnownFileType = sourcecode.swift; path = FirstStage.swift; sourceTree = "<group>"; };
		5BFF87422152CE09008163BB /* Core.swift */ = {isa = PBXFileReference; lastKnownFileType = sourcecode.swift; path = Core.swift; sourceTree = "<group>"; };
		5BFF87442152CE1F008163BB /* SecondStage.swift */ = {isa = PBXFileReference; lastKnownFileType = sourcecode.swift; path = SecondStage.swift; sourceTree = "<group>"; };
		5BFF87462152CE31008163BB /* Payload.swift */ = {isa = PBXFileReference; lastKnownFileType = sourcecode.swift; path = Payload.swift; sourceTree = "<group>"; };
		5BFF87482152CE42008163BB /* OrbitParams.swift */ = {isa = PBXFileReference; lastKnownFileType = sourcecode.swift; path = OrbitParams.swift; sourceTree = "<group>"; };
		5BFF874A2152CE67008163BB /* Telemetry.swift */ = {isa = PBXFileReference; lastKnownFileType = sourcecode.swift; path = Telemetry.swift; sourceTree = "<group>"; };
		5BFF874D2152CFAD008163BB /* CommonDataEnums.swift */ = {isa = PBXFileReference; lastKnownFileType = sourcecode.swift; path = CommonDataEnums.swift; sourceTree = "<group>"; };
		5BFF87502152D041008163BB /* CommonHelpers.swift */ = {isa = PBXFileReference; lastKnownFileType = sourcecode.swift; path = CommonHelpers.swift; sourceTree = "<group>"; };
		5BFF87532152D375008163BB /* Style.swift */ = {isa = PBXFileReference; lastKnownFileType = sourcecode.swift; path = Style.swift; sourceTree = "<group>"; };
		5BFF87562153128C008163BB /* HomeCollectionViewCell.swift */ = {isa = PBXFileReference; lastKnownFileType = sourcecode.swift; path = HomeCollectionViewCell.swift; sourceTree = "<group>"; };
		5BFF87572153128C008163BB /* HomeCollectionViewCell.xib */ = {isa = PBXFileReference; lastKnownFileType = file.xib; path = HomeCollectionViewCell.xib; sourceTree = "<group>"; };
		66B267D35F1BD909340D3BFF /* Pods_SpaceOdysseyUITests.framework */ = {isa = PBXFileReference; explicitFileType = wrapper.framework; includeInIndex = 0; path = Pods_SpaceOdysseyUITests.framework; sourceTree = BUILT_PRODUCTS_DIR; };
		6D1BF2DEC16B9160467F89C9 /* Pods-SpaceOdyssey.release.xcconfig */ = {isa = PBXFileReference; includeInIndex = 1; lastKnownFileType = text.xcconfig; name = "Pods-SpaceOdyssey.release.xcconfig"; path = "Pods/Target Support Files/Pods-SpaceOdyssey/Pods-SpaceOdyssey.release.xcconfig"; sourceTree = "<group>"; };
		8FFEC899882F8DEF7E71F4E9 /* Pods-SpaceOdysseyUITests.release.xcconfig */ = {isa = PBXFileReference; includeInIndex = 1; lastKnownFileType = text.xcconfig; name = "Pods-SpaceOdysseyUITests.release.xcconfig"; path = "Pods/Target Support Files/Pods-SpaceOdysseyUITests/Pods-SpaceOdysseyUITests.release.xcconfig"; sourceTree = "<group>"; };
		B9C0B0CC767DF207EFB66715 /* Pods-SpaceOdysseyTests.debug.xcconfig */ = {isa = PBXFileReference; includeInIndex = 1; lastKnownFileType = text.xcconfig; name = "Pods-SpaceOdysseyTests.debug.xcconfig"; path = "Pods/Target Support Files/Pods-SpaceOdysseyTests/Pods-SpaceOdysseyTests.debug.xcconfig"; sourceTree = "<group>"; };
/* End PBXFileReference section */

/* Begin PBXFrameworksBuildPhase section */
		5B6FDDC921505FD000460572 /* Frameworks */ = {
			isa = PBXFrameworksBuildPhase;
			buildActionMask = 2147483647;
			files = (
				282EA38D708FE6E256EB7610 /* Pods_SpaceOdyssey.framework in Frameworks */,
			);
			runOnlyForDeploymentPostprocessing = 0;
		};
		5B6FDDDD21505FD100460572 /* Frameworks */ = {
			isa = PBXFrameworksBuildPhase;
			buildActionMask = 2147483647;
			files = (
				E6C5424349B385F6A2973949 /* Pods_SpaceOdysseyTests.framework in Frameworks */,
			);
			runOnlyForDeploymentPostprocessing = 0;
		};
		5B6FDDE821505FD100460572 /* Frameworks */ = {
			isa = PBXFrameworksBuildPhase;
			buildActionMask = 2147483647;
			files = (
				C8D793416D63662179A00771 /* Pods_SpaceOdysseyUITests.framework in Frameworks */,
			);
			runOnlyForDeploymentPostprocessing = 0;
		};
/* End PBXFrameworksBuildPhase section */

/* Begin PBXGroup section */
		49B487A76F52B3958BAE57D3 /* Pods */ = {
			isa = PBXGroup;
			children = (
				3FB642BCF79B369173900348 /* Pods-SpaceOdyssey.debug.xcconfig */,
				6D1BF2DEC16B9160467F89C9 /* Pods-SpaceOdyssey.release.xcconfig */,
				B9C0B0CC767DF207EFB66715 /* Pods-SpaceOdysseyTests.debug.xcconfig */,
				14A304F093E1DB6E1097382A /* Pods-SpaceOdysseyTests.release.xcconfig */,
				37F4A193E2BA237AB17D5764 /* Pods-SpaceOdysseyUITests.debug.xcconfig */,
				8FFEC899882F8DEF7E71F4E9 /* Pods-SpaceOdysseyUITests.release.xcconfig */,
			);
			name = Pods;
			sourceTree = "<group>";
		};
		5B6FDDC321505FD000460572 = {
			isa = PBXGroup;
			children = (
				5B6FDDCE21505FD000460572 /* SpaceOdyssey */,
				5B6FDDE321505FD100460572 /* SpaceOdysseyTests */,
				5B6FDDEE21505FD100460572 /* SpaceOdysseyUITests */,
				5B6FDDCD21505FD000460572 /* Products */,
				49B487A76F52B3958BAE57D3 /* Pods */,
				B92D31E39ECF392EE8D97686 /* Frameworks */,
			);
			sourceTree = "<group>";
		};
		5B6FDDCD21505FD000460572 /* Products */ = {
			isa = PBXGroup;
			children = (
				5B6FDDCC21505FD000460572 /* SpaceOdyssey.app */,
				5B6FDDE021505FD100460572 /* SpaceOdysseyTests.xctest */,
				5B6FDDEB21505FD100460572 /* SpaceOdysseyUITests.xctest */,
			);
			name = Products;
			sourceTree = "<group>";
		};
		5B6FDDCE21505FD000460572 /* SpaceOdyssey */ = {
			isa = PBXGroup;
			children = (
				5BFF871F2152BE4C008163BB /* Common */,
				5BFF87052152BBF7008163BB /* Scenes */,
				5B6FDDCF21505FD000460572 /* AppDelegate.swift */,
				5B6FDDD121505FD000460572 /* ViewController.swift */,
				5B6FDDD321505FD000460572 /* Main.storyboard */,
				5B6FDDD621505FD100460572 /* Assets.xcassets */,
				5B6FDDD821505FD100460572 /* LaunchScreen.storyboard */,
				5B6FDDDB21505FD100460572 /* Info.plist */,
			);
			path = SpaceOdyssey;
			sourceTree = "<group>";
		};
		5B6FDDE321505FD100460572 /* SpaceOdysseyTests */ = {
			isa = PBXGroup;
			children = (
				5BFF87132152BC26008163BB /* Scenes */,
				5B6FDDE421505FD100460572 /* SpaceOdysseyTests.swift */,
				5B6FDDE621505FD100460572 /* Info.plist */,
			);
			path = SpaceOdysseyTests;
			sourceTree = "<group>";
		};
		5B6FDDEE21505FD100460572 /* SpaceOdysseyUITests */ = {
			isa = PBXGroup;
			children = (
				5B6FDDEF21505FD100460572 /* SpaceOdysseyUITests.swift */,
				5B6FDDF121505FD100460572 /* Info.plist */,
			);
			path = SpaceOdysseyUITests;
			sourceTree = "<group>";
		};
		5B8C246821551E0F00ABEBA0 /* Extensions */ = {
			isa = PBXGroup;
			children = (
				5B8C246921551E3B00ABEBA0 /* Strings+Extensions.swift */,
				5B8C246B21551E5700ABEBA0 /* UIImageView+Extensions.swift */,
			);
			path = Extensions;
			sourceTree = "<group>";
		};
		5B8C246D215520AD00ABEBA0 /* UIElements */ = {
			isa = PBXGroup;
			children = (
				5B8C246E215520C700ABEBA0 /* Alert.swift */,
			);
			path = UIElements;
			sourceTree = "<group>";
		};
		5BFF87052152BBF7008163BB /* Scenes */ = {
			isa = PBXGroup;
			children = (
				5BFF87062152BC00008163BB /* Home */,
			);
			path = Scenes;
			sourceTree = "<group>";
		};
		5BFF87062152BC00008163BB /* Home */ = {
			isa = PBXGroup;
			children = (
				5BFF87552153125B008163BB /* UIElements */,
				5BFF87072152BC1B008163BB /* HomePresenter.swift */,
				5BFF87082152BC1B008163BB /* HomeWorker.swift */,
				5BFF87092152BC1B008163BB /* HomeRouter.swift */,
				5BFF870A2152BC1B008163BB /* HomeModels.swift */,
				5BFF870B2152BC1B008163BB /* HomeViewController.swift */,
				5BFF870C2152BC1B008163BB /* HomeInteractor.swift */,
				5BFF871D2152BC68008163BB /* HomeViewController.xib */,
			);
			path = Home;
			sourceTree = "<group>";
		};
		5BFF87132152BC26008163BB /* Scenes */ = {
			isa = PBXGroup;
			children = (
				5BFF87142152BC31008163BB /* Home */,
			);
			path = Scenes;
			sourceTree = "<group>";
		};
		5BFF87142152BC31008163BB /* Home */ = {
			isa = PBXGroup;
			children = (
				5BFF87152152BC43008163BB /* HomeViewControllerTests.swift */,
				5BFF87162152BC43008163BB /* HomeInteractorTests.swift */,
				5BFF87172152BC43008163BB /* HomeWorkerTests.swift */,
				5BFF87182152BC43008163BB /* HomePresenterTests.swift */,
			);
			path = Home;
			sourceTree = "<group>";
		};
		5BFF871F2152BE4C008163BB /* Common */ = {
			isa = PBXGroup;
			children = (
				5B8C246D215520AD00ABEBA0 /* UIElements */,
				5B8C246821551E0F00ABEBA0 /* Extensions */,
				5BFF87522152D35F008163BB /* Configs */,
				5BFF87312152CA18008163BB /* DataManagers */,
				5BFF872E2152C856008163BB /* Models */,
				5BFF872D2152C84B008163BB /* Errors */,
				5BFF87232152BF0C008163BB /* Network */,
			);
			path = Common;
			sourceTree = "<group>";
		};
		5BFF87232152BF0C008163BB /* Network */ = {
			isa = PBXGroup;
			children = (
				5BFF872A2152C23B008163BB /* Stubs */,
				5BFF87242152BF36008163BB /* APIManager.swift */,
				5BFF87262152BF9C008163BB /* SpaceXApi.swift */,
				5BFF87282152BFE5008163BB /* SpaceXApiMock.swift */,
			);
			path = Network;
			sourceTree = "<group>";
		};
		5BFF872A2152C23B008163BB /* Stubs */ = {
			isa = PBXGroup;
			children = (
				5BFF872B2152C25B008163BB /* Launches.json */,
			);
			path = Stubs;
			sourceTree = "<group>";
		};
		5BFF872D2152C84B008163BB /* Errors */ = {
			isa = PBXGroup;
			children = (
				5BFF872F2152C8AC008163BB /* LauncheErrors.swift */,
			);
			path = Errors;
			sourceTree = "<group>";
		};
		5BFF872E2152C856008163BB /* Models */ = {
			isa = PBXGroup;
			children = (
				5BFF874F2152D029008163BB /* Helpers */,
				5BFF874C2152CF70008163BB /* Enums */,
				5BFF87342152CCCB008163BB /* Launch.swift */,
				5BFF87362152CD89008163BB /* LaunchSite.swift */,
				5BFF87382152CDA5008163BB /* Links.swift */,
				5BFF873A2152CDB7008163BB /* Reuse.swift */,
				5BFF873C2152CDC2008163BB /* Rocket.swift */,
				5BFF873E2152CDDB008163BB /* Fairings.swift */,
				5BFF87402152CDF5008163BB /* FirstStage.swift */,
				5BFF87422152CE09008163BB /* Core.swift */,
				5BFF87442152CE1F008163BB /* SecondStage.swift */,
				5BFF87462152CE31008163BB /* Payload.swift */,
				5BFF87482152CE42008163BB /* OrbitParams.swift */,
				5BFF874A2152CE67008163BB /* Telemetry.swift */,
			);
			path = Models;
			sourceTree = "<group>";
		};
		5BFF87312152CA18008163BB /* DataManagers */ = {
			isa = PBXGroup;
			children = (
				5BFF87322152CA75008163BB /* LaunchesDataManager.swift */,
			);
			path = DataManagers;
			sourceTree = "<group>";
		};
		5BFF874C2152CF70008163BB /* Enums */ = {
			isa = PBXGroup;
			children = (
				5BFF874D2152CFAD008163BB /* CommonDataEnums.swift */,
			);
			path = Enums;
			sourceTree = "<group>";
		};
		5BFF874F2152D029008163BB /* Helpers */ = {
			isa = PBXGroup;
			children = (
				5BFF87502152D041008163BB /* CommonHelpers.swift */,
			);
			path = Helpers;
			sourceTree = "<group>";
		};
		5BFF87522152D35F008163BB /* Configs */ = {
			isa = PBXGroup;
			children = (
				5BFF87532152D375008163BB /* Style.swift */,
			);
			path = Configs;
			sourceTree = "<group>";
		};
		5BFF87552153125B008163BB /* UIElements */ = {
			isa = PBXGroup;
			children = (
				5BFF87562153128C008163BB /* HomeCollectionViewCell.swift */,
				5BFF87572153128C008163BB /* HomeCollectionViewCell.xib */,
			);
			path = UIElements;
			sourceTree = "<group>";
		};
		B92D31E39ECF392EE8D97686 /* Frameworks */ = {
			isa = PBXGroup;
			children = (
				5A8FB32370DBA4CE80B602A4 /* Pods_SpaceOdyssey.framework */,
				041BBB173F48FEC0B31BD057 /* Pods_SpaceOdysseyTests.framework */,
				66B267D35F1BD909340D3BFF /* Pods_SpaceOdysseyUITests.framework */,
			);
			name = Frameworks;
			sourceTree = "<group>";
		};
/* End PBXGroup section */

/* Begin PBXNativeTarget section */
		5B6FDDCB21505FD000460572 /* SpaceOdyssey */ = {
			isa = PBXNativeTarget;
			buildConfigurationList = 5B6FDDF421505FD100460572 /* Build configuration list for PBXNativeTarget "SpaceOdyssey" */;
			buildPhases = (
				90961CA83A7E63B61C85A0A8 /* [CP] Check Pods Manifest.lock */,
				5B6FDDC821505FD000460572 /* Sources */,
				5B6FDDC921505FD000460572 /* Frameworks */,
				5B6FDDCA21505FD000460572 /* Resources */,
				5B6FDDFD2150627E00460572 /* SwifLint Script */,
				5F7726DEEEE0493F0EC00366 /* [CP] Embed Pods Frameworks */,
			);
			buildRules = (
			);
			dependencies = (
			);
			name = SpaceOdyssey;
			productName = SpaceOdyssey;
			productReference = 5B6FDDCC21505FD000460572 /* SpaceOdyssey.app */;
			productType = "com.apple.product-type.application";
		};
		5B6FDDDF21505FD100460572 /* SpaceOdysseyTests */ = {
			isa = PBXNativeTarget;
			buildConfigurationList = 5B6FDDF721505FD100460572 /* Build configuration list for PBXNativeTarget "SpaceOdysseyTests" */;
			buildPhases = (
				DA3F1E8A578EF2ADE3C2D496 /* [CP] Check Pods Manifest.lock */,
				5B6FDDDC21505FD100460572 /* Sources */,
				5B6FDDDD21505FD100460572 /* Frameworks */,
				5B6FDDDE21505FD100460572 /* Resources */,
				F53A505A17CE204B8710C303 /* [CP] Embed Pods Frameworks */,
			);
			buildRules = (
			);
			dependencies = (
				5B6FDDE221505FD100460572 /* PBXTargetDependency */,
			);
			name = SpaceOdysseyTests;
			productName = SpaceOdysseyTests;
			productReference = 5B6FDDE021505FD100460572 /* SpaceOdysseyTests.xctest */;
			productType = "com.apple.product-type.bundle.unit-test";
		};
		5B6FDDEA21505FD100460572 /* SpaceOdysseyUITests */ = {
			isa = PBXNativeTarget;
			buildConfigurationList = 5B6FDDFA21505FD100460572 /* Build configuration list for PBXNativeTarget "SpaceOdysseyUITests" */;
			buildPhases = (
				AE1EC8E25BA0A6F6BE741B42 /* [CP] Check Pods Manifest.lock */,
				5B6FDDE721505FD100460572 /* Sources */,
				5B6FDDE821505FD100460572 /* Frameworks */,
				5B6FDDE921505FD100460572 /* Resources */,
				3A2CE5543935AFFAEB2113F9 /* [CP] Embed Pods Frameworks */,
			);
			buildRules = (
			);
			dependencies = (
				5B6FDDED21505FD100460572 /* PBXTargetDependency */,
			);
			name = SpaceOdysseyUITests;
			productName = SpaceOdysseyUITests;
			productReference = 5B6FDDEB21505FD100460572 /* SpaceOdysseyUITests.xctest */;
			productType = "com.apple.product-type.bundle.ui-testing";
		};
/* End PBXNativeTarget section */

/* Begin PBXProject section */
		5B6FDDC421505FD000460572 /* Project object */ = {
			isa = PBXProject;
			attributes = {
				LastSwiftUpdateCheck = 0940;
				LastUpgradeCheck = 0940;
				ORGANIZATIONNAME = martin;
				TargetAttributes = {
					5B6FDDCB21505FD000460572 = {
						CreatedOnToolsVersion = 9.4.1;
					};
					5B6FDDDF21505FD100460572 = {
						CreatedOnToolsVersion = 9.4.1;
						TestTargetID = 5B6FDDCB21505FD000460572;
					};
					5B6FDDEA21505FD100460572 = {
						CreatedOnToolsVersion = 9.4.1;
						TestTargetID = 5B6FDDCB21505FD000460572;
					};
				};
			};
			buildConfigurationList = 5B6FDDC721505FD000460572 /* Build configuration list for PBXProject "SpaceOdyssey" */;
			compatibilityVersion = "Xcode 9.3";
			developmentRegion = en;
			hasScannedForEncodings = 0;
			knownRegions = (
				en,
				Base,
			);
			mainGroup = 5B6FDDC321505FD000460572;
			productRefGroup = 5B6FDDCD21505FD000460572 /* Products */;
			projectDirPath = "";
			projectRoot = "";
			targets = (
				5B6FDDCB21505FD000460572 /* SpaceOdyssey */,
				5B6FDDDF21505FD100460572 /* SpaceOdysseyTests */,
				5B6FDDEA21505FD100460572 /* SpaceOdysseyUITests */,
			);
		};
/* End PBXProject section */

/* Begin PBXResourcesBuildPhase section */
		5B6FDDCA21505FD000460572 /* Resources */ = {
			isa = PBXResourcesBuildPhase;
			buildActionMask = 2147483647;
			files = (
				5B6FDDDA21505FD100460572 /* LaunchScreen.storyboard in Resources */,
				5BFF87592153128C008163BB /* HomeCollectionViewCell.xib in Resources */,
				5B6FDDD721505FD100460572 /* Assets.xcassets in Resources */,
				5B6FDDD521505FD000460572 /* Main.storyboard in Resources */,
				5BFF872C2152C25B008163BB /* Launches.json in Resources */,
				5BFF871E2152BC68008163BB /* HomeViewController.xib in Resources */,
			);
			runOnlyForDeploymentPostprocessing = 0;
		};
		5B6FDDDE21505FD100460572 /* Resources */ = {
			isa = PBXResourcesBuildPhase;
			buildActionMask = 2147483647;
			files = (
			);
			runOnlyForDeploymentPostprocessing = 0;
		};
		5B6FDDE921505FD100460572 /* Resources */ = {
			isa = PBXResourcesBuildPhase;
			buildActionMask = 2147483647;
			files = (
			);
			runOnlyForDeploymentPostprocessing = 0;
		};
/* End PBXResourcesBuildPhase section */

/* Begin PBXShellScriptBuildPhase section */
		3A2CE5543935AFFAEB2113F9 /* [CP] Embed Pods Frameworks */ = {
			isa = PBXShellScriptBuildPhase;
			buildActionMask = 2147483647;
			files = (
			);
			inputPaths = (
				"${SRCROOT}/Pods/Target Support Files/Pods-SpaceOdysseyUITests/Pods-SpaceOdysseyUITests-frameworks.sh",
				"${BUILT_PRODUCTS_DIR}/Nimble/Nimble.framework",
				"${BUILT_PRODUCTS_DIR}/Nimble-Snapshots/Nimble_Snapshots.framework",
				"${BUILT_PRODUCTS_DIR}/Quick/Quick.framework",
				"${BUILT_PRODUCTS_DIR}/iOSSnapshotTestCase/FBSnapshotTestCase.framework",
			);
			name = "[CP] Embed Pods Frameworks";
			outputPaths = (
				"${TARGET_BUILD_DIR}/${FRAMEWORKS_FOLDER_PATH}/Nimble.framework",
				"${TARGET_BUILD_DIR}/${FRAMEWORKS_FOLDER_PATH}/Nimble_Snapshots.framework",
				"${TARGET_BUILD_DIR}/${FRAMEWORKS_FOLDER_PATH}/Quick.framework",
				"${TARGET_BUILD_DIR}/${FRAMEWORKS_FOLDER_PATH}/FBSnapshotTestCase.framework",
			);
			runOnlyForDeploymentPostprocessing = 0;
			shellPath = /bin/sh;
			shellScript = "\"${SRCROOT}/Pods/Target Support Files/Pods-SpaceOdysseyUITests/Pods-SpaceOdysseyUITests-frameworks.sh\"\n";
			showEnvVarsInLog = 0;
		};
		5B6FDDFD2150627E00460572 /* SwifLint Script */ = {
			isa = PBXShellScriptBuildPhase;
			buildActionMask = 2147483647;
			files = (
			);
			inputPaths = (
			);
			name = "SwifLint Script";
			outputPaths = (
			);
			runOnlyForDeploymentPostprocessing = 0;
			shellPath = /bin/sh;
			shellScript = "\"${PODS_ROOT}/SwiftLint/swiftlint\"";
		};
		5F7726DEEEE0493F0EC00366 /* [CP] Embed Pods Frameworks */ = {
			isa = PBXShellScriptBuildPhase;
			buildActionMask = 2147483647;
			files = (
			);
			inputPaths = (
				"${SRCROOT}/Pods/Target Support Files/Pods-SpaceOdyssey/Pods-SpaceOdyssey-frameworks.sh",
				"${BUILT_PRODUCTS_DIR}/Alamofire/Alamofire.framework",
				"${BUILT_PRODUCTS_DIR}/Kingfisher/Kingfisher.framework",
				"${BUILT_PRODUCTS_DIR}/Moya/Moya.framework",
				"${BUILT_PRODUCTS_DIR}/PromiseKit/PromiseKit.framework",
				"${BUILT_PRODUCTS_DIR}/Result/Result.framework",
			);
			name = "[CP] Embed Pods Frameworks";
			outputPaths = (
				"${TARGET_BUILD_DIR}/${FRAMEWORKS_FOLDER_PATH}/Alamofire.framework",
				"${TARGET_BUILD_DIR}/${FRAMEWORKS_FOLDER_PATH}/Kingfisher.framework",
				"${TARGET_BUILD_DIR}/${FRAMEWORKS_FOLDER_PATH}/Moya.framework",
				"${TARGET_BUILD_DIR}/${FRAMEWORKS_FOLDER_PATH}/PromiseKit.framework",
				"${TARGET_BUILD_DIR}/${FRAMEWORKS_FOLDER_PATH}/Result.framework",
			);
			runOnlyForDeploymentPostprocessing = 0;
			shellPath = /bin/sh;
			shellScript = "\"${SRCROOT}/Pods/Target Support Files/Pods-SpaceOdyssey/Pods-SpaceOdyssey-frameworks.sh\"\n";
			showEnvVarsInLog = 0;
		};
		90961CA83A7E63B61C85A0A8 /* [CP] Check Pods Manifest.lock */ = {
			isa = PBXShellScriptBuildPhase;
			buildActionMask = 2147483647;
			files = (
			);
			inputPaths = (
				"${PODS_PODFILE_DIR_PATH}/Podfile.lock",
				"${PODS_ROOT}/Manifest.lock",
			);
			name = "[CP] Check Pods Manifest.lock";
			outputPaths = (
				"$(DERIVED_FILE_DIR)/Pods-SpaceOdyssey-checkManifestLockResult.txt",
			);
			runOnlyForDeploymentPostprocessing = 0;
			shellPath = /bin/sh;
			shellScript = "diff \"${PODS_PODFILE_DIR_PATH}/Podfile.lock\" \"${PODS_ROOT}/Manifest.lock\" > /dev/null\nif [ $? != 0 ] ; then\n    # print error to STDERR\n    echo \"error: The sandbox is not in sync with the Podfile.lock. Run 'pod install' or update your CocoaPods installation.\" >&2\n    exit 1\nfi\n# This output is used by Xcode 'outputs' to avoid re-running this script phase.\necho \"SUCCESS\" > \"${SCRIPT_OUTPUT_FILE_0}\"\n";
			showEnvVarsInLog = 0;
		};
		AE1EC8E25BA0A6F6BE741B42 /* [CP] Check Pods Manifest.lock */ = {
			isa = PBXShellScriptBuildPhase;
			buildActionMask = 2147483647;
			files = (
			);
			inputPaths = (
				"${PODS_PODFILE_DIR_PATH}/Podfile.lock",
				"${PODS_ROOT}/Manifest.lock",
			);
			name = "[CP] Check Pods Manifest.lock";
			outputPaths = (
				"$(DERIVED_FILE_DIR)/Pods-SpaceOdysseyUITests-checkManifestLockResult.txt",
			);
			runOnlyForDeploymentPostprocessing = 0;
			shellPath = /bin/sh;
			shellScript = "diff \"${PODS_PODFILE_DIR_PATH}/Podfile.lock\" \"${PODS_ROOT}/Manifest.lock\" > /dev/null\nif [ $? != 0 ] ; then\n    # print error to STDERR\n    echo \"error: The sandbox is not in sync with the Podfile.lock. Run 'pod install' or update your CocoaPods installation.\" >&2\n    exit 1\nfi\n# This output is used by Xcode 'outputs' to avoid re-running this script phase.\necho \"SUCCESS\" > \"${SCRIPT_OUTPUT_FILE_0}\"\n";
			showEnvVarsInLog = 0;
		};
		DA3F1E8A578EF2ADE3C2D496 /* [CP] Check Pods Manifest.lock */ = {
			isa = PBXShellScriptBuildPhase;
			buildActionMask = 2147483647;
			files = (
			);
			inputPaths = (
				"${PODS_PODFILE_DIR_PATH}/Podfile.lock",
				"${PODS_ROOT}/Manifest.lock",
			);
			name = "[CP] Check Pods Manifest.lock";
			outputPaths = (
				"$(DERIVED_FILE_DIR)/Pods-SpaceOdysseyTests-checkManifestLockResult.txt",
			);
			runOnlyForDeploymentPostprocessing = 0;
			shellPath = /bin/sh;
			shellScript = "diff \"${PODS_PODFILE_DIR_PATH}/Podfile.lock\" \"${PODS_ROOT}/Manifest.lock\" > /dev/null\nif [ $? != 0 ] ; then\n    # print error to STDERR\n    echo \"error: The sandbox is not in sync with the Podfile.lock. Run 'pod install' or update your CocoaPods installation.\" >&2\n    exit 1\nfi\n# This output is used by Xcode 'outputs' to avoid re-running this script phase.\necho \"SUCCESS\" > \"${SCRIPT_OUTPUT_FILE_0}\"\n";
			showEnvVarsInLog = 0;
		};
		F53A505A17CE204B8710C303 /* [CP] Embed Pods Frameworks */ = {
			isa = PBXShellScriptBuildPhase;
			buildActionMask = 2147483647;
			files = (
			);
			inputPaths = (
				"${SRCROOT}/Pods/Target Support Files/Pods-SpaceOdysseyTests/Pods-SpaceOdysseyTests-frameworks.sh",
				"${BUILT_PRODUCTS_DIR}/Nimble/Nimble.framework",
				"${BUILT_PRODUCTS_DIR}/Nimble-Snapshots/Nimble_Snapshots.framework",
				"${BUILT_PRODUCTS_DIR}/Quick/Quick.framework",
				"${BUILT_PRODUCTS_DIR}/iOSSnapshotTestCase/FBSnapshotTestCase.framework",
			);
			name = "[CP] Embed Pods Frameworks";
			outputPaths = (
				"${TARGET_BUILD_DIR}/${FRAMEWORKS_FOLDER_PATH}/Nimble.framework",
				"${TARGET_BUILD_DIR}/${FRAMEWORKS_FOLDER_PATH}/Nimble_Snapshots.framework",
				"${TARGET_BUILD_DIR}/${FRAMEWORKS_FOLDER_PATH}/Quick.framework",
				"${TARGET_BUILD_DIR}/${FRAMEWORKS_FOLDER_PATH}/FBSnapshotTestCase.framework",
			);
			runOnlyForDeploymentPostprocessing = 0;
			shellPath = /bin/sh;
			shellScript = "\"${SRCROOT}/Pods/Target Support Files/Pods-SpaceOdysseyTests/Pods-SpaceOdysseyTests-frameworks.sh\"\n";
			showEnvVarsInLog = 0;
		};
/* End PBXShellScriptBuildPhase section */

/* Begin PBXSourcesBuildPhase section */
		5B6FDDC821505FD000460572 /* Sources */ = {
			isa = PBXSourcesBuildPhase;
			buildActionMask = 2147483647;
			files = (
				5BFF87302152C8AC008163BB /* LauncheErrors.swift in Sources */,
				5BFF870D2152BC1B008163BB /* HomePresenter.swift in Sources */,
				5B8C246A21551E3B00ABEBA0 /* Strings+Extensions.swift in Sources */,
				5BFF874E2152CFAD008163BB /* CommonDataEnums.swift in Sources */,
				5BFF87332152CA75008163BB /* LaunchesDataManager.swift in Sources */,
				5B6FDDD221505FD000460572 /* ViewController.swift in Sources */,
				5BFF87582153128C008163BB /* HomeCollectionViewCell.swift in Sources */,
				5BFF87412152CDF5008163BB /* FirstStage.swift in Sources */,
				5BFF87512152D041008163BB /* CommonHelpers.swift in Sources */,
				5BFF874B2152CE67008163BB /* Telemetry.swift in Sources */,
				5BFF87252152BF36008163BB /* APIManager.swift in Sources */,
				5BFF87272152BF9C008163BB /* SpaceXApi.swift in Sources */,
				5BFF87352152CCCB008163BB /* Launch.swift in Sources */,
				5BFF870E2152BC1B008163BB /* HomeWorker.swift in Sources */,
				5B8C246C21551E5700ABEBA0 /* UIImageView+Extensions.swift in Sources */,
				5BFF87292152BFE5008163BB /* SpaceXApiMock.swift in Sources */,
				5BFF87122152BC1B008163BB /* HomeInteractor.swift in Sources */,
				5BFF873B2152CDB7008163BB /* Reuse.swift in Sources */,
				5B6FDDD021505FD000460572 /* AppDelegate.swift in Sources */,
				5BFF873F2152CDDB008163BB /* Fairings.swift in Sources */,
				5BFF87432152CE09008163BB /* Core.swift in Sources */,
				5BFF87372152CD89008163BB /* LaunchSite.swift in Sources */,
				5BFF87392152CDA5008163BB /* Links.swift in Sources */,
				5BFF87102152BC1B008163BB /* HomeModels.swift in Sources */,
				5BFF87472152CE31008163BB /* Payload.swift in Sources */,
				5BFF87542152D375008163BB /* Style.swift in Sources */,
				5BFF87112152BC1B008163BB /* HomeViewController.swift in Sources */,
				5BFF87492152CE42008163BB /* OrbitParams.swift in Sources */,
				5BFF87452152CE1F008163BB /* SecondStage.swift in Sources */,
				5BFF873D2152CDC2008163BB /* Rocket.swift in Sources */,
				5B8C246F215520C700ABEBA0 /* Alert.swift in Sources */,
				5BFF870F2152BC1B008163BB /* HomeRouter.swift in Sources */,
			);
			runOnlyForDeploymentPostprocessing = 0;
		};
		5B6FDDDC21505FD100460572 /* Sources */ = {
			isa = PBXSourcesBuildPhase;
			buildActionMask = 2147483647;
			files = (
				5BFF871A2152BC43008163BB /* HomeInteractorTests.swift in Sources */,
				5B6FDDE521505FD100460572 /* SpaceOdysseyTests.swift in Sources */,
				5BFF871B2152BC43008163BB /* HomeWorkerTests.swift in Sources */,
				5BFF871C2152BC43008163BB /* HomePresenterTests.swift in Sources */,
				5BFF87192152BC43008163BB /* HomeViewControllerTests.swift in Sources */,
			);
			runOnlyForDeploymentPostprocessing = 0;
		};
		5B6FDDE721505FD100460572 /* Sources */ = {
			isa = PBXSourcesBuildPhase;
			buildActionMask = 2147483647;
			files = (
				5B6FDDF021505FD100460572 /* SpaceOdysseyUITests.swift in Sources */,
			);
			runOnlyForDeploymentPostprocessing = 0;
		};
/* End PBXSourcesBuildPhase section */

/* Begin PBXTargetDependency section */
		5B6FDDE221505FD100460572 /* PBXTargetDependency */ = {
			isa = PBXTargetDependency;
			target = 5B6FDDCB21505FD000460572 /* SpaceOdyssey */;
			targetProxy = 5B6FDDE121505FD100460572 /* PBXContainerItemProxy */;
		};
		5B6FDDED21505FD100460572 /* PBXTargetDependency */ = {
			isa = PBXTargetDependency;
			target = 5B6FDDCB21505FD000460572 /* SpaceOdyssey */;
			targetProxy = 5B6FDDEC21505FD100460572 /* PBXContainerItemProxy */;
		};
/* End PBXTargetDependency section */

/* Begin PBXVariantGroup section */
		5B6FDDD321505FD000460572 /* Main.storyboard */ = {
			isa = PBXVariantGroup;
			children = (
				5B6FDDD421505FD000460572 /* Base */,
			);
			name = Main.storyboard;
			sourceTree = "<group>";
		};
		5B6FDDD821505FD100460572 /* LaunchScreen.storyboard */ = {
			isa = PBXVariantGroup;
			children = (
				5B6FDDD921505FD100460572 /* Base */,
			);
			name = LaunchScreen.storyboard;
			sourceTree = "<group>";
		};
/* End PBXVariantGroup section */

/* Begin XCBuildConfiguration section */
		5B6FDDF221505FD100460572 /* Debug */ = {
			isa = XCBuildConfiguration;
			buildSettings = {
				ALWAYS_SEARCH_USER_PATHS = NO;
				CLANG_ANALYZER_NONNULL = YES;
				CLANG_ANALYZER_NUMBER_OBJECT_CONVERSION = YES_AGGRESSIVE;
				CLANG_CXX_LANGUAGE_STANDARD = "gnu++14";
				CLANG_CXX_LIBRARY = "libc++";
				CLANG_ENABLE_MODULES = YES;
				CLANG_ENABLE_OBJC_ARC = YES;
				CLANG_ENABLE_OBJC_WEAK = YES;
				CLANG_WARN_BLOCK_CAPTURE_AUTORELEASING = YES;
				CLANG_WARN_BOOL_CONVERSION = YES;
				CLANG_WARN_COMMA = YES;
				CLANG_WARN_CONSTANT_CONVERSION = YES;
				CLANG_WARN_DEPRECATED_OBJC_IMPLEMENTATIONS = YES;
				CLANG_WARN_DIRECT_OBJC_ISA_USAGE = YES_ERROR;
				CLANG_WARN_DOCUMENTATION_COMMENTS = YES;
				CLANG_WARN_EMPTY_BODY = YES;
				CLANG_WARN_ENUM_CONVERSION = YES;
				CLANG_WARN_INFINITE_RECURSION = YES;
				CLANG_WARN_INT_CONVERSION = YES;
				CLANG_WARN_NON_LITERAL_NULL_CONVERSION = YES;
				CLANG_WARN_OBJC_IMPLICIT_RETAIN_SELF = YES;
				CLANG_WARN_OBJC_LITERAL_CONVERSION = YES;
				CLANG_WARN_OBJC_ROOT_CLASS = YES_ERROR;
				CLANG_WARN_RANGE_LOOP_ANALYSIS = YES;
				CLANG_WARN_STRICT_PROTOTYPES = YES;
				CLANG_WARN_SUSPICIOUS_MOVE = YES;
				CLANG_WARN_UNGUARDED_AVAILABILITY = YES_AGGRESSIVE;
				CLANG_WARN_UNREACHABLE_CODE = YES;
				CLANG_WARN__DUPLICATE_METHOD_MATCH = YES;
				CODE_SIGN_IDENTITY = "iPhone Developer";
				COPY_PHASE_STRIP = NO;
				DEBUG_INFORMATION_FORMAT = dwarf;
				ENABLE_STRICT_OBJC_MSGSEND = YES;
				ENABLE_TESTABILITY = YES;
				GCC_C_LANGUAGE_STANDARD = gnu11;
				GCC_DYNAMIC_NO_PIC = NO;
				GCC_NO_COMMON_BLOCKS = YES;
				GCC_OPTIMIZATION_LEVEL = 0;
				GCC_PREPROCESSOR_DEFINITIONS = (
					"DEBUG=1",
					"$(inherited)",
				);
				GCC_WARN_64_TO_32_BIT_CONVERSION = YES;
				GCC_WARN_ABOUT_RETURN_TYPE = YES_ERROR;
				GCC_WARN_UNDECLARED_SELECTOR = YES;
				GCC_WARN_UNINITIALIZED_AUTOS = YES_AGGRESSIVE;
				GCC_WARN_UNUSED_FUNCTION = YES;
				GCC_WARN_UNUSED_VARIABLE = YES;
				IPHONEOS_DEPLOYMENT_TARGET = 11.4;
				MTL_ENABLE_DEBUG_INFO = YES;
				ONLY_ACTIVE_ARCH = YES;
				SDKROOT = iphoneos;
				SWIFT_ACTIVE_COMPILATION_CONDITIONS = DEBUG;
				SWIFT_OPTIMIZATION_LEVEL = "-Onone";
			};
			name = Debug;
		};
		5B6FDDF321505FD100460572 /* Release */ = {
			isa = XCBuildConfiguration;
			buildSettings = {
				ALWAYS_SEARCH_USER_PATHS = NO;
				CLANG_ANALYZER_NONNULL = YES;
				CLANG_ANALYZER_NUMBER_OBJECT_CONVERSION = YES_AGGRESSIVE;
				CLANG_CXX_LANGUAGE_STANDARD = "gnu++14";
				CLANG_CXX_LIBRARY = "libc++";
				CLANG_ENABLE_MODULES = YES;
				CLANG_ENABLE_OBJC_ARC = YES;
				CLANG_ENABLE_OBJC_WEAK = YES;
				CLANG_WARN_BLOCK_CAPTURE_AUTORELEASING = YES;
				CLANG_WARN_BOOL_CONVERSION = YES;
				CLANG_WARN_COMMA = YES;
				CLANG_WARN_CONSTANT_CONVERSION = YES;
				CLANG_WARN_DEPRECATED_OBJC_IMPLEMENTATIONS = YES;
				CLANG_WARN_DIRECT_OBJC_ISA_USAGE = YES_ERROR;
				CLANG_WARN_DOCUMENTATION_COMMENTS = YES;
				CLANG_WARN_EMPTY_BODY = YES;
				CLANG_WARN_ENUM_CONVERSION = YES;
				CLANG_WARN_INFINITE_RECURSION = YES;
				CLANG_WARN_INT_CONVERSION = YES;
				CLANG_WARN_NON_LITERAL_NULL_CONVERSION = YES;
				CLANG_WARN_OBJC_IMPLICIT_RETAIN_SELF = YES;
				CLANG_WARN_OBJC_LITERAL_CONVERSION = YES;
				CLANG_WARN_OBJC_ROOT_CLASS = YES_ERROR;
				CLANG_WARN_RANGE_LOOP_ANALYSIS = YES;
				CLANG_WARN_STRICT_PROTOTYPES = YES;
				CLANG_WARN_SUSPICIOUS_MOVE = YES;
				CLANG_WARN_UNGUARDED_AVAILABILITY = YES_AGGRESSIVE;
				CLANG_WARN_UNREACHABLE_CODE = YES;
				CLANG_WARN__DUPLICATE_METHOD_MATCH = YES;
				CODE_SIGN_IDENTITY = "iPhone Developer";
				COPY_PHASE_STRIP = NO;
				DEBUG_INFORMATION_FORMAT = "dwarf-with-dsym";
				ENABLE_NS_ASSERTIONS = NO;
				ENABLE_STRICT_OBJC_MSGSEND = YES;
				GCC_C_LANGUAGE_STANDARD = gnu11;
				GCC_NO_COMMON_BLOCKS = YES;
				GCC_WARN_64_TO_32_BIT_CONVERSION = YES;
				GCC_WARN_ABOUT_RETURN_TYPE = YES_ERROR;
				GCC_WARN_UNDECLARED_SELECTOR = YES;
				GCC_WARN_UNINITIALIZED_AUTOS = YES_AGGRESSIVE;
				GCC_WARN_UNUSED_FUNCTION = YES;
				GCC_WARN_UNUSED_VARIABLE = YES;
				IPHONEOS_DEPLOYMENT_TARGET = 11.4;
				MTL_ENABLE_DEBUG_INFO = NO;
				SDKROOT = iphoneos;
				SWIFT_COMPILATION_MODE = wholemodule;
				SWIFT_OPTIMIZATION_LEVEL = "-O";
				VALIDATE_PRODUCT = YES;
			};
			name = Release;
		};
		5B6FDDF521505FD100460572 /* Debug */ = {
			isa = XCBuildConfiguration;
			baseConfigurationReference = 3FB642BCF79B369173900348 /* Pods-SpaceOdyssey.debug.xcconfig */;
			buildSettings = {
				ASSETCATALOG_COMPILER_APPICON_NAME = AppIcon;
				CODE_SIGN_STYLE = Automatic;
				DEVELOPMENT_TEAM = 99ZMAPWT9Y;
				INFOPLIST_FILE = SpaceOdyssey/Info.plist;
				LD_RUNPATH_SEARCH_PATHS = (
					"$(inherited)",
					"@executable_path/Frameworks",
				);
				PRODUCT_BUNDLE_IDENTIFIER = com.martin.SpaceOdyssey;
				PRODUCT_NAME = "$(TARGET_NAME)";
				SWIFT_VERSION = 4.0;
				TARGETED_DEVICE_FAMILY = "1,2";
			};
			name = Debug;
		};
		5B6FDDF621505FD100460572 /* Release */ = {
			isa = XCBuildConfiguration;
			baseConfigurationReference = 6D1BF2DEC16B9160467F89C9 /* Pods-SpaceOdyssey.release.xcconfig */;
			buildSettings = {
				ASSETCATALOG_COMPILER_APPICON_NAME = AppIcon;
				CODE_SIGN_STYLE = Automatic;
				DEVELOPMENT_TEAM = 99ZMAPWT9Y;
				INFOPLIST_FILE = SpaceOdyssey/Info.plist;
				LD_RUNPATH_SEARCH_PATHS = (
					"$(inherited)",
					"@executable_path/Frameworks",
				);
				PRODUCT_BUNDLE_IDENTIFIER = com.martin.SpaceOdyssey;
				PRODUCT_NAME = "$(TARGET_NAME)";
				SWIFT_VERSION = 4.0;
				TARGETED_DEVICE_FAMILY = "1,2";
			};
			name = Release;
		};
		5B6FDDF821505FD100460572 /* Debug */ = {
			isa = XCBuildConfiguration;
			baseConfigurationReference = B9C0B0CC767DF207EFB66715 /* Pods-SpaceOdysseyTests.debug.xcconfig */;
			buildSettings = {
				ALWAYS_EMBED_SWIFT_STANDARD_LIBRARIES = YES;
				BUNDLE_LOADER = "$(TEST_HOST)";
				CODE_SIGN_STYLE = Automatic;
				DEVELOPMENT_TEAM = 99ZMAPWT9Y;
				INFOPLIST_FILE = SpaceOdysseyTests/Info.plist;
				LD_RUNPATH_SEARCH_PATHS = (
					"$(inherited)",
					"@executable_path/Frameworks",
					"@loader_path/Frameworks",
				);
				PRODUCT_BUNDLE_IDENTIFIER = com.martin.SpaceOdysseyTests;
				PRODUCT_NAME = "$(TARGET_NAME)";
				SWIFT_VERSION = 4.0;
				TARGETED_DEVICE_FAMILY = "1,2";
				TEST_HOST = "$(BUILT_PRODUCTS_DIR)/SpaceOdyssey.app/SpaceOdyssey";
			};
			name = Debug;
		};
		5B6FDDF921505FD100460572 /* Release */ = {
			isa = XCBuildConfiguration;
			baseConfigurationReference = 14A304F093E1DB6E1097382A /* Pods-SpaceOdysseyTests.release.xcconfig */;
			buildSettings = {
				ALWAYS_EMBED_SWIFT_STANDARD_LIBRARIES = YES;
				BUNDLE_LOADER = "$(TEST_HOST)";
				CODE_SIGN_STYLE = Automatic;
				DEVELOPMENT_TEAM = 99ZMAPWT9Y;
				INFOPLIST_FILE = SpaceOdysseyTests/Info.plist;
				LD_RUNPATH_SEARCH_PATHS = (
					"$(inherited)",
					"@executable_path/Frameworks",
					"@loader_path/Frameworks",
				);
				PRODUCT_BUNDLE_IDENTIFIER = com.martin.SpaceOdysseyTests;
				PRODUCT_NAME = "$(TARGET_NAME)";
				SWIFT_VERSION = 4.0;
				TARGETED_DEVICE_FAMILY = "1,2";
				TEST_HOST = "$(BUILT_PRODUCTS_DIR)/SpaceOdyssey.app/SpaceOdyssey";
			};
			name = Release;
		};
		5B6FDDFB21505FD100460572 /* Debug */ = {
			isa = XCBuildConfiguration;
			baseConfigurationReference = 37F4A193E2BA237AB17D5764 /* Pods-SpaceOdysseyUITests.debug.xcconfig */;
			buildSettings = {
				ALWAYS_EMBED_SWIFT_STANDARD_LIBRARIES = YES;
				CODE_SIGN_STYLE = Automatic;
				DEVELOPMENT_TEAM = 99ZMAPWT9Y;
				INFOPLIST_FILE = SpaceOdysseyUITests/Info.plist;
				LD_RUNPATH_SEARCH_PATHS = (
					"$(inherited)",
					"@executable_path/Frameworks",
					"@loader_path/Frameworks",
				);
				PRODUCT_BUNDLE_IDENTIFIER = com.martin.SpaceOdysseyUITests;
				PRODUCT_NAME = "$(TARGET_NAME)";
				SWIFT_VERSION = 4.0;
				TARGETED_DEVICE_FAMILY = "1,2";
				TEST_TARGET_NAME = SpaceOdyssey;
			};
			name = Debug;
		};
		5B6FDDFC21505FD100460572 /* Release */ = {
			isa = XCBuildConfiguration;
			baseConfigurationReference = 8FFEC899882F8DEF7E71F4E9 /* Pods-SpaceOdysseyUITests.release.xcconfig */;
			buildSettings = {
				ALWAYS_EMBED_SWIFT_STANDARD_LIBRARIES = YES;
				CODE_SIGN_STYLE = Automatic;
				DEVELOPMENT_TEAM = 99ZMAPWT9Y;
				INFOPLIST_FILE = SpaceOdysseyUITests/Info.plist;
				LD_RUNPATH_SEARCH_PATHS = (
					"$(inherited)",
					"@executable_path/Frameworks",
					"@loader_path/Frameworks",
				);
				PRODUCT_BUNDLE_IDENTIFIER = com.martin.SpaceOdysseyUITests;
				PRODUCT_NAME = "$(TARGET_NAME)";
				SWIFT_VERSION = 4.0;
				TARGETED_DEVICE_FAMILY = "1,2";
				TEST_TARGET_NAME = SpaceOdyssey;
			};
			name = Release;
		};
/* End XCBuildConfiguration section */

/* Begin XCConfigurationList section */
		5B6FDDC721505FD000460572 /* Build configuration list for PBXProject "SpaceOdyssey" */ = {
			isa = XCConfigurationList;
			buildConfigurations = (
				5B6FDDF221505FD100460572 /* Debug */,
				5B6FDDF321505FD100460572 /* Release */,
			);
			defaultConfigurationIsVisible = 0;
			defaultConfigurationName = Release;
		};
		5B6FDDF421505FD100460572 /* Build configuration list for PBXNativeTarget "SpaceOdyssey" */ = {
			isa = XCConfigurationList;
			buildConfigurations = (
				5B6FDDF521505FD100460572 /* Debug */,
				5B6FDDF621505FD100460572 /* Release */,
			);
			defaultConfigurationIsVisible = 0;
			defaultConfigurationName = Release;
		};
		5B6FDDF721505FD100460572 /* Build configuration list for PBXNativeTarget "SpaceOdysseyTests" */ = {
			isa = XCConfigurationList;
			buildConfigurations = (
				5B6FDDF821505FD100460572 /* Debug */,
				5B6FDDF921505FD100460572 /* Release */,
			);
			defaultConfigurationIsVisible = 0;
			defaultConfigurationName = Release;
		};
		5B6FDDFA21505FD100460572 /* Build configuration list for PBXNativeTarget "SpaceOdysseyUITests" */ = {
			isa = XCConfigurationList;
			buildConfigurations = (
				5B6FDDFB21505FD100460572 /* Debug */,
				5B6FDDFC21505FD100460572 /* Release */,
			);
			defaultConfigurationIsVisible = 0;
			defaultConfigurationName = Release;
		};
/* End XCConfigurationList section */
	};
	rootObject = 5B6FDDC421505FD000460572 /* Project object */;
}
